
Microsoft Visual Studio Solution File, Format Version 12.00
# Visual Studio 14
VisualStudioVersion = 14.0.25420.1
MinimumVisualStudioVersion = 10.0.40219.1
Project("{2150E333-8FDC-42A3-9474-1A3956D46DE8}") = "Configration", "Configration", "{77DD557D-6D98-4592-9D2E-DF08802D2711}"
	ProjectSection(SolutionItems) = preProject
		gulp-config.js = gulp-config.js
		publishsettings.targets = publishsettings.targets
		src\Foundation\Serialization\code\App_Config\Include\z.Miral.DevSettings.config = src\Foundation\Serialization\code\App_Config\Include\z.Miral.DevSettings.config
	EndProjectSection
EndProject
Project("{2150E333-8FDC-42A3-9474-1A3956D46DE8}") = "Feature", "Feature", "{13B554E2-D133-4F45-8A69-FCD00997FBC3}"
EndProject
Project("{2150E333-8FDC-42A3-9474-1A3956D46DE8}") = "Foundation", "Foundation", "{52D4A902-1545-4838-BE27-92BC60992DD7}"
EndProject
Project("{2150E333-8FDC-42A3-9474-1A3956D46DE8}") = "Project", "Project", "{CD8F426A-317A-4436-9943-93CED7DBE661}"
EndProject
Project("{2150E333-8FDC-42A3-9474-1A3956D46DE8}") = "Dictionary", "Dictionary", "{32253ADF-B2D2-4A51-90A1-7CFA186356A3}"
EndProject
Project("{2150E333-8FDC-42A3-9474-1A3956D46DE8}") = "SitecoreExtensions", "SitecoreExtensions", "{110E7D19-4D18-45DD-9601-D8D9A85AF175}"
EndProject
Project("{2150E333-8FDC-42A3-9474-1A3956D46DE8}") = "Core", "Core", "{8250F444-7A7F-4516-9CB5-16057DB83195}"
EndProject
Project("{2150E333-8FDC-42A3-9474-1A3956D46DE8}") = "Base", "Base", "{BFD112B3-835C-47A6-A202-BAB567E34348}"
EndProject
Project("{2150E333-8FDC-42A3-9474-1A3956D46DE8}") = "B2B", "B2B", "{2F9803C6-78A1-4ECD-B0D8-37B0F3BDC1A2}"
EndProject
Project("{2150E333-8FDC-42A3-9474-1A3956D46DE8}") = "ReactFramework", "ReactFramework", "{AB1F1C1D-4A86-44E2-9592-76E8765DC17C}"
EndProject
Project("{2150E333-8FDC-42A3-9474-1A3956D46DE8}") = "Serialization", "Serialization", "{83127D7C-5853-4AB5-BF84-5E758DEE9CA5}"
EndProject
Project("{2150E333-8FDC-42A3-9474-1A3956D46DE8}") = "Testing", "Testing", "{64EBBE71-9F51-423E-91DD-5208DA77B7E3}"
EndProject
Project("{2150E333-8FDC-42A3-9474-1A3956D46DE8}") = "B2B", "B2B", "{00B432A1-C483-408E-913F-5EBD6D0D90F0}"
EndProject
Project("{FAE04EC0-301F-11D3-BF4B-00C04F79EFBC}") = "YasConnect.Foundation.Base", "src\Foundation\Base\code\YasConnect.Foundation.Base.csproj", "{53B2EA2C-D33C-48F9-BF76-F7210FAE4CBB}"
EndProject
Project("{FAE04EC0-301F-11D3-BF4B-00C04F79EFBC}") = "YasConnect.Foundation.Base.Tests", "src\Foundation\Base\tests\YasConnect.Foundation.Base.Tests.csproj", "{B5C3A578-B798-4700-9603-4E319D9BB377}"
EndProject
Project("{FAE04EC0-301F-11D3-BF4B-00C04F79EFBC}") = "YasConnect.Foundation.Core", "src\Foundation\Core\code\YasConnect.Foundation.Core.csproj", "{B6F86DF1-2EA8-44F9-BC93-473FB6B60EA4}"
EndProject
Project("{FAE04EC0-301F-11D3-BF4B-00C04F79EFBC}") = "YasConnect.Foundation.Core.Tests", "src\Foundation\Core\tests\YasConnect.Foundation.Core.Tests.csproj", "{B828590A-532E-4C83-A53B-FEB1FAED128A}"
EndProject
Project("{FAE04EC0-301F-11D3-BF4B-00C04F79EFBC}") = "YasConnect.Foundation.Dictionary", "src\Foundation\Dictionary\code\YasConnect.Foundation.Dictionary.csproj", "{2BCDCC0A-3F6B-4175-AA7B-46D278A3ECFE}"
EndProject
Project("{FAE04EC0-301F-11D3-BF4B-00C04F79EFBC}") = "YasConnect.Foundation.Dictionary.Tests", "src\Foundation\Dictionary\tests\YasConnect.Foundation.Dictionary.Tests.csproj", "{513BCEDF-B7A7-453C-BEFA-A5695702307C}"
EndProject
Project("{FAE04EC0-301F-11D3-BF4B-00C04F79EFBC}") = "YasConnect.Foundation.ReactFramework", "src\Foundation\ReactFramework\code\YasConnect.Foundation.ReactFramework.csproj", "{1FBCB509-8B44-4C3D-90C5-CFB215AAC734}"
EndProject
Project("{FAE04EC0-301F-11D3-BF4B-00C04F79EFBC}") = "YasConnect.Foundation.ReactFramework.Tests", "src\Foundation\ReactFramework\tests\YasConnect.Foundation.ReactFramework.Tests.csproj", "{1031F3CC-DC2D-445E-8C2F-B3B384C240AC}"
EndProject
Project("{FAE04EC0-301F-11D3-BF4B-00C04F79EFBC}") = "YasConnect.Foundation.Serialization", "src\Foundation\Serialization\code\YasConnect.Foundation.Serialization.csproj", "{6363A01C-83C3-4A60-ADF6-4618A40ED05F}"
EndProject
Project("{FAE04EC0-301F-11D3-BF4B-00C04F79EFBC}") = "YasConnect.Foundation.SitecoreExtensions", "src\Foundation\SitecoreExtensions\code\YasConnect.Foundation.SitecoreExtensions.csproj", "{B75E1AD1-CDE6-4ACE-B73E-D29849A88466}"
EndProject
Project("{FAE04EC0-301F-11D3-BF4B-00C04F79EFBC}") = "YasConnect.Foundation.SitecoreExtensions.Tests", "src\Foundation\SitecoreExtensions\tests\YasConnect.Foundation.SitecoreExtensions.Tests.csproj", "{D310354B-A1CE-41EB-B426-C43F7564214C}"
EndProject
Project("{FAE04EC0-301F-11D3-BF4B-00C04F79EFBC}") = "YasConnect.B2B.Website", "src\Project\B2B\code\YasConnect.B2B.Website.csproj", "{D25ACC80-AA6E-4E36-8484-5959A4FFC1F5}"
EndProject
Project("{FAE04EC0-301F-11D3-BF4B-00C04F79EFBC}") = "YasConnect.Foundation.Testing", "src\Foundation\Testing\YasConnect.Foundation.Testing\YasConnect.Foundation.Testing.csproj", "{B661C189-768B-42BB-A53B-175822A8908E}"
EndProject
Project("{2150E333-8FDC-42A3-9474-1A3956D46DE8}") = "DependencyInjection", "DependencyInjection", "{D2FBCE37-C6CE-4E44-8FC1-DC5401C0A593}"
EndProject
Project("{FAE04EC0-301F-11D3-BF4B-00C04F79EFBC}") = "YasConnect.Foundation.DependencyInjection", "src\Foundation\DependencyInjection\code\YasConnect.Foundation.DependencyInjection.csproj", "{16D2B678-B7AE-4F4C-942E-C14B7A361855}"
EndProject
Project("{2150E333-8FDC-42A3-9474-1A3956D46DE8}") = "Accounts", "Accounts", "{923EE44F-5C76-47A5-874D-11C5A25D0BCF}"
EndProject
Project("{FAE04EC0-301F-11D3-BF4B-00C04F79EFBC}") = "YasConnect.Foundation.Accounts", "src\Foundation\Accounts\code\YasConnect.Foundation.Accounts.csproj", "{91BB2BC7-6DC6-4561-893D-C7BB8C9B4EBF}"
EndProject
Project("{2150E333-8FDC-42A3-9474-1A3956D46DE8}") = "OrderHistory", "OrderHistory", "{80D43997-7EE1-4F89-A568-F257C35F7F1E}"
EndProject
Project("{FAE04EC0-301F-11D3-BF4B-00C04F79EFBC}") = "YasConnect.Feature.B2B.OrderHistory", "src\Feature\B2B\OrderHistory\code\YasConnect.Feature.B2B.OrderHistory.csproj", "{9615FC30-6563-42CF-9B38-06CD659DD7E7}"
EndProject
Project("{FAE04EC0-301F-11D3-BF4B-00C04F79EFBC}") = "YasConnect.Feature.B2B.OrderHistory.Tests", "src\Feature\B2B\OrderHistory\tests\YasConnect.Feature.B2B.OrderHistory.Tests.csproj", "{FE9AB6F8-A29C-4822-832D-30010738EC52}"
EndProject
Project("{2150E333-8FDC-42A3-9474-1A3956D46DE8}") = "Accounts", "Accounts", "{7FF4BC28-2CE0-4743-B76F-AD527B914EB9}"
EndProject
Project("{2150E333-8FDC-42A3-9474-1A3956D46DE8}") = "ServiceWrapper", "ServiceWrapper", "{A1D8C62A-3388-4E70-96A3-1A809956024A}"
EndProject
Project("{FAE04EC0-301F-11D3-BF4B-00C04F79EFBC}") = "YasConnect.Foundation.ServiceWrapper", "src\Foundation\ServiceWrapper\code\YasConnect.Foundation.ServiceWrapper.csproj", "{3867F423-F636-4AA4-BBB3-2EE17DE367F4}"
EndProject
Project("{FAE04EC0-301F-11D3-BF4B-00C04F79EFBC}") = "YasConnect.Feature.B2B.Accounts", "src\Feature\B2B\Accounts\code\YasConnect.Feature.B2B.Accounts.csproj", "{EA78CEB0-AB0D-4CC0-80C6-E922AF7B6F44}"
EndProject
Project("{2150E333-8FDC-42A3-9474-1A3956D46DE8}") = "FormBase", "FormBase", "{47F4857D-3A5F-4B2E-BCBB-DF4F8966A441}"
EndProject
Project("{FAE04EC0-301F-11D3-BF4B-00C04F79EFBC}") = "YasConnect.Foundation.FormBase", "src\Foundation\FormBase\code\YasConnect.Foundation.FormBase.csproj", "{3719435A-0306-459A-9D7B-54209319593A}"
EndProject
Project("{2150E333-8FDC-42A3-9474-1A3956D46DE8}") = "Session", "Session", "{87D7E8C3-D5DF-48A0-A546-68F70E0F25E6}"
EndProject
Project("{FAE04EC0-301F-11D3-BF4B-00C04F79EFBC}") = "YasConnect.Foundation.Session", "src\Foundation\SessionAndCaching\code\YasConnect.Foundation.Session.csproj", "{20FD64D9-3413-4407-899F-4E160B0909DA}"
EndProject
Project("{2150E333-8FDC-42A3-9474-1A3956D46DE8}") = "EmailTemplates", "EmailTemplates", "{A1A38922-0E51-4A88-9389-6D6C92432CFF}"
EndProject
Project("{FAE04EC0-301F-11D3-BF4B-00C04F79EFBC}") = "YasConnect.Feature.B2B.EmailTemplates", "src\Feature\B2B\EmailTemplates\code\YasConnect.Feature.B2B.EmailTemplates.csproj", "{D070E31C-3979-4098-9BD9-36BA4B9664C0}"
EndProject
Project("{2150E333-8FDC-42A3-9474-1A3956D46DE8}") = "AgentList", "AgentList", "{0E5C16A3-10E9-485E-8599-4D157885848B}"
EndProject
Project("{2150E333-8FDC-42A3-9474-1A3956D46DE8}") = "PartnerList", "PartnerList", "{6041E2E4-BBDD-45AA-972A-78889672CE2B}"
EndProject
Project("{FAE04EC0-301F-11D3-BF4B-00C04F79EFBC}") = "YasConnect.Feature.B2B.AgentList", "src\Feature\B2B\AgentList\code\YasConnect.Feature.B2B.AgentList.csproj", "{949BD955-5CD9-403D-AEE7-B7CF16D28BA6}"
EndProject
Project("{FAE04EC0-301F-11D3-BF4B-00C04F79EFBC}") = "YasConnect.Feature.B2B.AgentList.Tests", "src\Feature\B2B\AgentList\test\YasConnect.Feature.B2B.AgentList.Tests.csproj", "{F3B5D5D8-825A-41BF-869B-1EDF4FC565C4}"
EndProject
Project("{FAE04EC0-301F-11D3-BF4B-00C04F79EFBC}") = "YasConnect.Feature.B2B.PartnerList", "src\Feature\B2B\PartnerList\code\YasConnect.Feature.B2B.PartnerList.csproj", "{53A2C669-0B5F-44E0-8837-35B48BD447C9}"
EndProject
Project("{FAE04EC0-301F-11D3-BF4B-00C04F79EFBC}") = "YasConnect.Feature.B2B.PartnerList.Tests", "src\Feature\B2B\PartnerList\test\YasConnect.Feature.B2B.PartnerList.Tests.csproj", "{EBC7F9C0-43C9-4EC0-8441-05A00332A0F7}"
EndProject
Project("{2150E333-8FDC-42A3-9474-1A3956D46DE8}") = "CreateAgent", "CreateAgent", "{00196F3D-5762-48FC-904E-BBC81EE8774B}"
EndProject
Project("{FAE04EC0-301F-11D3-BF4B-00C04F79EFBC}") = "YasConnect.Feature.B2B.CreateAgent", "src\Feature\B2B\CreateAgent\code\YasConnect.Feature.B2B.CreateAgent\YasConnect.Feature.B2B.CreateAgent.csproj", "{E34102FD-AFB3-41A8-8C7F-27E74C02B05B}"
EndProject
Project("{2150E333-8FDC-42A3-9474-1A3956D46DE8}") = "MyProfile", "MyProfile", "{FB4BF983-3C5E-44D3-B67D-866429BFD681}"
EndProject
Project("{FAE04EC0-301F-11D3-BF4B-00C04F79EFBC}") = "YasConnect.Feature.B2B.MyProfile", "src\Feature\B2B\MyProfile\code\YasConnect.Feature.B2B.MyProfile\YasConnect.Feature.B2B.MyProfile.csproj", "{779B2A01-8809-4106-B420-83ABB8953E03}"
EndProject
Project("{2150E333-8FDC-42A3-9474-1A3956D46DE8}") = "Common", "Common", "{10184BFA-6ADB-4588-B738-C6840DD0D28B}"
EndProject
Project("{FAE04EC0-301F-11D3-BF4B-00C04F79EFBC}") = "YasConnect.Feature.B2B.Common", "src\Feature\B2B\Common\code\YasConnect.Feature.B2B.Common\YasConnect.Feature.B2B.Common.csproj", "{1730DF35-0CD2-48D9-99FD-40304E9071C7}"
EndProject
Project("{2150E333-8FDC-42A3-9474-1A3956D46DE8}") = "DownloadTicket", "DownloadTicket", "{2C048002-48FA-4F6F-A0EB-E261B8ACA0CA}"
EndProject
Project("{FAE04EC0-301F-11D3-BF4B-00C04F79EFBC}") = "YasConnect.Foundation.DownloadTicket", "src\Foundation\DownloadTicket\code\YasConnect.Foundation.DownloadTicket.csproj", "{C8154A4A-B57F-4A45-B4C9-C92C44AE71A7}"
EndProject
Project("{2150E333-8FDC-42A3-9474-1A3956D46DE8}") = "PipelineExtension", "PipelineExtension", "{6876E573-DD23-4828-B9E3-80C921B800C5}"
EndProject
Project("{FAE04EC0-301F-11D3-BF4B-00C04F79EFBC}") = "YasConnect.Foundation.PipeLineExtension", "src\Foundation\PipelineExtension\code\YasConnect.Foundation.PipeLineExtension.csproj", "{462492F6-CC5F-4766-8A49-07759FF8446C}"
EndProject
Project("{2150E333-8FDC-42A3-9474-1A3956D46DE8}") = "ParkUpdates", "ParkUpdates", "{11C2259F-60A5-4F91-87FB-12BD71E60C3B}"
EndProject
Project("{FAE04EC0-301F-11D3-BF4B-00C04F79EFBC}") = "YasConnect.Feature.B2B.ParkUpdates", "src\Feature\B2B\ParkUpdates\code\YasConnect.Feature.B2B.ParkUpdates.csproj", "{BE949989-8294-4486-AD15-D42CBBA7C9E6}"
EndProject
Project("{2150E333-8FDC-42A3-9474-1A3956D46DE8}") = "TopPerformer", "TopPerformer", "{24BE1EF5-DA42-41F9-9B99-3B6852307F2F}"
EndProject
Project("{FAE04EC0-301F-11D3-BF4B-00C04F79EFBC}") = "YasConnect.Feature.B2B.TopPerformer", "src\Feature\B2B\TopPerformer\code\YasConnect.Feature.B2B.TopPerformer.csproj", "{FE133504-7451-4B1D-99EB-ED360143C020}"
EndProject
Project("{FAE04EC0-301F-11D3-BF4B-00C04F79EFBC}") = "YasConnect.Feature.B2B.TopPerformer.Tests", "src\Feature\B2B\TopPerformer\test\YasConnect.Feature.B2B.TopPerformer.Tests.csproj", "{7C1DDA0A-4693-4E62-AE87-43ABF174DF4E}"
EndProject
Project("{2150E333-8FDC-42A3-9474-1A3956D46DE8}") = "CompanyProfile", "CompanyProfile", "{E3C14E38-87B4-4155-AE4A-21A867532A0F}"
EndProject
Project("{FAE04EC0-301F-11D3-BF4B-00C04F79EFBC}") = "YasConnect.Feature.B2B.CompanyProfile.Tests", "src\Feature\B2B\CompanyProfile\test\YasConnect.Feature.B2B.CompanyProfile.Tests.csproj", "{F0B3FF7D-6F14-4856-B87B-D8E28C1DEC26}"
EndProject
Project("{FAE04EC0-301F-11D3-BF4B-00C04F79EFBC}") = "YasConnect.Feature.B2B.CompanyProfile", "src\Feature\B2B\CompanyProfile\code\YasConnect.Feature.B2B.CompanyProfile.csproj", "{A2FD2901-C1F7-4F5F-B253-EAC387E74E8C}"
EndProject
Project("{2150E333-8FDC-42A3-9474-1A3956D46DE8}") = "DashboardSummary", "DashboardSummary", "{55E61179-3391-48E1-B2EA-1CEC4990DBD7}"
EndProject
Project("{FAE04EC0-301F-11D3-BF4B-00C04F79EFBC}") = "YasConnect.Feature.B2B.DashboardSummary", "src\Feature\B2B\DashboardSummary\code\YasConnect.Feature.B2B.DashboardSummary\YasConnect.Feature.B2B.DashboardSummary.csproj", "{48D51302-EE38-49C6-A3B4-498D96EF30D2}"
EndProject
Project("{2150E333-8FDC-42A3-9474-1A3956D46DE8}") = "DynamicValues", "DynamicValues", "{E4A443E4-B851-47EB-90CC-FDD6980D8042}"
EndProject
Project("{FAE04EC0-301F-11D3-BF4B-00C04F79EFBC}") = "YasConnect.Feature.B2B.DynamicValues", "src\Feature\B2B\DynamicValues\code\YasConnect.Feature.B2B.DynamicValues.csproj", "{232CE824-4B3B-4C8C-8535-053B222D050A}"
EndProject
Project("{FAE04EC0-301F-11D3-BF4B-00C04F79EFBC}") = "YasConnect.Feature.B2B.MyProfile.Test", "src\Feature\B2B\MyProfile\tests\YasConnect.Feature.B2B.MyProfile.Test.csproj", "{A151D473-50D0-4F1A-8E02-51AC19E7AB30}"
EndProject
Project("{FAE04EC0-301F-11D3-BF4B-00C04F79EFBC}") = "YasConnect.Feature.B2B.CreateAgent.Tests", "src\Feature\B2B\CreateAgent\tests\YasConnect.Feature.B2B.CreateAgent.Tests.csproj", "{8E7A1DBA-A881-4C78-A998-C8FBC167466B}"
EndProject
Project("{2150E333-8FDC-42A3-9474-1A3956D46DE8}") = "OrderGrid", "OrderGrid", "{ECAF060B-79D3-4726-8040-C6CDD416AB90}"
EndProject
Project("{FAE04EC0-301F-11D3-BF4B-00C04F79EFBC}") = "YasConnect.Feature.B2B.OrderGrid", "src\Feature\B2B\OrderGrid\code\YasConnect.Feature.B2B.OrderGrid\YasConnect.Feature.B2B.OrderGrid.csproj", "{87DCB068-0299-47B8-8FE5-111F5EFE89DA}"
EndProject
Project("{FAE04EC0-301F-11D3-BF4B-00C04F79EFBC}") = "YasConnect.Feature.B2B.OrderGrid.Test", "src\Feature\B2B\OrderGrid\tests\YasConnect.Feature.B2B.OrderGrid.Test\YasConnect.Feature.B2B.OrderGrid.Test.csproj", "{6F32B58E-1270-4805-B52B-0ED5A63E6D24}"
EndProject
Project("{2150E333-8FDC-42A3-9474-1A3956D46DE8}") = "CrisisNotification", "CrisisNotification", "{F2947BEE-0D4F-4F52-9884-3534DED495EC}"
EndProject
Project("{FAE04EC0-301F-11D3-BF4B-00C04F79EFBC}") = "YasConnect.Feature.B2B.CrisisNotification", "src\Feature\B2B\CrisisNotification\code\YasConnect.Feature.B2B.CrisisNotification.csproj", "{64E87618-F7FA-43C9-B933-4302424E7014}"
EndProject
Project("{FAE04EC0-301F-11D3-BF4B-00C04F79EFBC}") = "YasConnect.Feature.B2B.CrisisNotification.Tests", "src\Feature\B2B\CrisisNotification\tests\YasConnect.Feature.B2B.CrisisNotification.Tests.csproj", "{812EEB1F-E605-45B8-83FC-4D9D27DC8071}"
EndProject
Project("{FAE04EC0-301F-11D3-BF4B-00C04F79EFBC}") = "YasConnect.Feature.B2B.DynamicValues.Tests", "src\Feature\B2B\DynamicValues\tests\YasConnect.Feature.B2B.DynamicValues.Tests.csproj", "{8C9A3174-94F3-4998-83B3-2047305BC7D9}"
EndProject
Project("{FAE04EC0-301F-11D3-BF4B-00C04F79EFBC}") = "YasConnect.Feature.B2B.DashboardSummaryTest", "src\Feature\B2B\DashboardSummary\tests\YasConnect.Feature.B2B.DashboardSummaryTest.csproj", "{372694DB-98FE-46F6-A989-6613B3E2571A}"
EndProject
Project("{2150E333-8FDC-42A3-9474-1A3956D46DE8}") = "Reports", "Reports", "{7E26F2FF-4E80-46C6-9F17-4671AE98C17E}"
EndProject
Project("{FAE04EC0-301F-11D3-BF4B-00C04F79EFBC}") = "YasConnect.Feature.B2B.Reports", "src\Feature\B2B\Reports\code\YasConnect.Feature.B2B.Reports.csproj", "{2FC7E275-DF56-48D9-9E85-67B5A925AF28}"
EndProject
Project("{FAE04EC0-301F-11D3-BF4B-00C04F79EFBC}") = "YasConnect.Feature.B2B.Reports.Tests", "src\Feature\B2B\Reports\test\YasConnect.Feature.B2B.Reports.Tests.csproj", "{100A7BFC-2CB8-4524-AF11-17D7A38AC00D}"
	ProjectSection(ProjectDependencies) = postProject
		{2FC7E275-DF56-48D9-9E85-67B5A925AF28} = {2FC7E275-DF56-48D9-9E85-67B5A925AF28}
	EndProjectSection
EndProject
Project("{FAE04EC0-301F-11D3-BF4B-00C04F79EFBC}") = "YasConnect.Feature.B2B.ParkUpdates.Tests", "src\Feature\B2B\ParkUpdates\tests\YasConnect.Feature.B2B.ParkUpdates.Tests.csproj", "{A5A107D3-2BEA-4D99-B49C-AA0A2B9E5CFC}"
EndProject
Project("{2150E333-8FDC-42A3-9474-1A3956D46DE8}") = "SonarQube", "SonarQube", "{D58561D1-C430-4096-936F-0EEB29110EAB}"
	ProjectSection(SolutionItems) = preProject
		SonarQube\miralexpplatform_sonar_developmentCSharp.ruleset = SonarQube\miralexpplatform_sonar_developmentCSharp.ruleset
		SonarQube\SolutionBinding.sqconfig = SonarQube\SolutionBinding.sqconfig
	EndProjectSection
EndProject
Global
	GlobalSection(SolutionConfigurationPlatforms) = preSolution
		Debug|Any CPU = Debug|Any CPU
		Release|Any CPU = Release|Any CPU
	EndGlobalSection
	GlobalSection(ProjectConfigurationPlatforms) = postSolution
		{53B2EA2C-D33C-48F9-BF76-F7210FAE4CBB}.Debug|Any CPU.ActiveCfg = Debug|Any CPU
		{53B2EA2C-D33C-48F9-BF76-F7210FAE4CBB}.Debug|Any CPU.Build.0 = Debug|Any CPU
		{53B2EA2C-D33C-48F9-BF76-F7210FAE4CBB}.Release|Any CPU.ActiveCfg = Release|Any CPU
		{53B2EA2C-D33C-48F9-BF76-F7210FAE4CBB}.Release|Any CPU.Build.0 = Release|Any CPU
		{B5C3A578-B798-4700-9603-4E319D9BB377}.Debug|Any CPU.ActiveCfg = Debug|Any CPU
		{B5C3A578-B798-4700-9603-4E319D9BB377}.Debug|Any CPU.Build.0 = Debug|Any CPU
		{B5C3A578-B798-4700-9603-4E319D9BB377}.Release|Any CPU.ActiveCfg = Release|Any CPU
		{B5C3A578-B798-4700-9603-4E319D9BB377}.Release|Any CPU.Build.0 = Release|Any CPU
		{B6F86DF1-2EA8-44F9-BC93-473FB6B60EA4}.Debug|Any CPU.ActiveCfg = Debug|Any CPU
		{B6F86DF1-2EA8-44F9-BC93-473FB6B60EA4}.Debug|Any CPU.Build.0 = Debug|Any CPU
		{B6F86DF1-2EA8-44F9-BC93-473FB6B60EA4}.Release|Any CPU.ActiveCfg = Release|Any CPU
		{B6F86DF1-2EA8-44F9-BC93-473FB6B60EA4}.Release|Any CPU.Build.0 = Release|Any CPU
		{B828590A-532E-4C83-A53B-FEB1FAED128A}.Debug|Any CPU.ActiveCfg = Debug|Any CPU
		{B828590A-532E-4C83-A53B-FEB1FAED128A}.Debug|Any CPU.Build.0 = Debug|Any CPU
		{B828590A-532E-4C83-A53B-FEB1FAED128A}.Release|Any CPU.ActiveCfg = Release|Any CPU
		{B828590A-532E-4C83-A53B-FEB1FAED128A}.Release|Any CPU.Build.0 = Release|Any CPU
		{2BCDCC0A-3F6B-4175-AA7B-46D278A3ECFE}.Debug|Any CPU.ActiveCfg = Debug|Any CPU
		{2BCDCC0A-3F6B-4175-AA7B-46D278A3ECFE}.Debug|Any CPU.Build.0 = Debug|Any CPU
		{2BCDCC0A-3F6B-4175-AA7B-46D278A3ECFE}.Release|Any CPU.ActiveCfg = Release|Any CPU
		{2BCDCC0A-3F6B-4175-AA7B-46D278A3ECFE}.Release|Any CPU.Build.0 = Release|Any CPU
		{513BCEDF-B7A7-453C-BEFA-A5695702307C}.Debug|Any CPU.ActiveCfg = Debug|Any CPU
		{513BCEDF-B7A7-453C-BEFA-A5695702307C}.Debug|Any CPU.Build.0 = Debug|Any CPU
		{513BCEDF-B7A7-453C-BEFA-A5695702307C}.Release|Any CPU.ActiveCfg = Release|Any CPU
		{513BCEDF-B7A7-453C-BEFA-A5695702307C}.Release|Any CPU.Build.0 = Release|Any CPU
		{1FBCB509-8B44-4C3D-90C5-CFB215AAC734}.Debug|Any CPU.ActiveCfg = Debug|Any CPU
		{1FBCB509-8B44-4C3D-90C5-CFB215AAC734}.Debug|Any CPU.Build.0 = Debug|Any CPU
		{1FBCB509-8B44-4C3D-90C5-CFB215AAC734}.Release|Any CPU.ActiveCfg = Release|Any CPU
		{1FBCB509-8B44-4C3D-90C5-CFB215AAC734}.Release|Any CPU.Build.0 = Release|Any CPU
		{1031F3CC-DC2D-445E-8C2F-B3B384C240AC}.Debug|Any CPU.ActiveCfg = Debug|Any CPU
		{1031F3CC-DC2D-445E-8C2F-B3B384C240AC}.Debug|Any CPU.Build.0 = Debug|Any CPU
		{1031F3CC-DC2D-445E-8C2F-B3B384C240AC}.Release|Any CPU.ActiveCfg = Release|Any CPU
		{1031F3CC-DC2D-445E-8C2F-B3B384C240AC}.Release|Any CPU.Build.0 = Release|Any CPU
		{6363A01C-83C3-4A60-ADF6-4618A40ED05F}.Debug|Any CPU.ActiveCfg = Debug|Any CPU
		{6363A01C-83C3-4A60-ADF6-4618A40ED05F}.Debug|Any CPU.Build.0 = Debug|Any CPU
		{6363A01C-83C3-4A60-ADF6-4618A40ED05F}.Release|Any CPU.ActiveCfg = Release|Any CPU
		{6363A01C-83C3-4A60-ADF6-4618A40ED05F}.Release|Any CPU.Build.0 = Release|Any CPU
		{B75E1AD1-CDE6-4ACE-B73E-D29849A88466}.Debug|Any CPU.ActiveCfg = Debug|Any CPU
		{B75E1AD1-CDE6-4ACE-B73E-D29849A88466}.Debug|Any CPU.Build.0 = Debug|Any CPU
		{B75E1AD1-CDE6-4ACE-B73E-D29849A88466}.Release|Any CPU.ActiveCfg = Release|Any CPU
		{B75E1AD1-CDE6-4ACE-B73E-D29849A88466}.Release|Any CPU.Build.0 = Release|Any CPU
		{D310354B-A1CE-41EB-B426-C43F7564214C}.Debug|Any CPU.ActiveCfg = Debug|Any CPU
		{D310354B-A1CE-41EB-B426-C43F7564214C}.Debug|Any CPU.Build.0 = Debug|Any CPU
		{D310354B-A1CE-41EB-B426-C43F7564214C}.Release|Any CPU.ActiveCfg = Release|Any CPU
		{D310354B-A1CE-41EB-B426-C43F7564214C}.Release|Any CPU.Build.0 = Release|Any CPU
		{D25ACC80-AA6E-4E36-8484-5959A4FFC1F5}.Debug|Any CPU.ActiveCfg = Debug|Any CPU
		{D25ACC80-AA6E-4E36-8484-5959A4FFC1F5}.Debug|Any CPU.Build.0 = Debug|Any CPU
		{D25ACC80-AA6E-4E36-8484-5959A4FFC1F5}.Release|Any CPU.ActiveCfg = Release|Any CPU
		{D25ACC80-AA6E-4E36-8484-5959A4FFC1F5}.Release|Any CPU.Build.0 = Release|Any CPU
		{B661C189-768B-42BB-A53B-175822A8908E}.Debug|Any CPU.ActiveCfg = Debug|Any CPU
		{B661C189-768B-42BB-A53B-175822A8908E}.Debug|Any CPU.Build.0 = Debug|Any CPU
		{B661C189-768B-42BB-A53B-175822A8908E}.Release|Any CPU.ActiveCfg = Release|Any CPU
		{B661C189-768B-42BB-A53B-175822A8908E}.Release|Any CPU.Build.0 = Release|Any CPU
		{16D2B678-B7AE-4F4C-942E-C14B7A361855}.Debug|Any CPU.ActiveCfg = Debug|Any CPU
		{16D2B678-B7AE-4F4C-942E-C14B7A361855}.Debug|Any CPU.Build.0 = Debug|Any CPU
		{16D2B678-B7AE-4F4C-942E-C14B7A361855}.Release|Any CPU.ActiveCfg = Release|Any CPU
		{16D2B678-B7AE-4F4C-942E-C14B7A361855}.Release|Any CPU.Build.0 = Release|Any CPU
		{91BB2BC7-6DC6-4561-893D-C7BB8C9B4EBF}.Debug|Any CPU.ActiveCfg = Debug|Any CPU
		{91BB2BC7-6DC6-4561-893D-C7BB8C9B4EBF}.Debug|Any CPU.Build.0 = Debug|Any CPU
		{91BB2BC7-6DC6-4561-893D-C7BB8C9B4EBF}.Release|Any CPU.ActiveCfg = Release|Any CPU
		{91BB2BC7-6DC6-4561-893D-C7BB8C9B4EBF}.Release|Any CPU.Build.0 = Release|Any CPU
		{9615FC30-6563-42CF-9B38-06CD659DD7E7}.Debug|Any CPU.ActiveCfg = Debug|Any CPU
		{9615FC30-6563-42CF-9B38-06CD659DD7E7}.Debug|Any CPU.Build.0 = Debug|Any CPU
		{9615FC30-6563-42CF-9B38-06CD659DD7E7}.Release|Any CPU.ActiveCfg = Release|Any CPU
		{9615FC30-6563-42CF-9B38-06CD659DD7E7}.Release|Any CPU.Build.0 = Release|Any CPU
		{FE9AB6F8-A29C-4822-832D-30010738EC52}.Debug|Any CPU.ActiveCfg = Debug|Any CPU
		{FE9AB6F8-A29C-4822-832D-30010738EC52}.Debug|Any CPU.Build.0 = Debug|Any CPU
		{FE9AB6F8-A29C-4822-832D-30010738EC52}.Release|Any CPU.ActiveCfg = Release|Any CPU
		{FE9AB6F8-A29C-4822-832D-30010738EC52}.Release|Any CPU.Build.0 = Release|Any CPU
		{3867F423-F636-4AA4-BBB3-2EE17DE367F4}.Debug|Any CPU.ActiveCfg = Debug|Any CPU
		{3867F423-F636-4AA4-BBB3-2EE17DE367F4}.Debug|Any CPU.Build.0 = Debug|Any CPU
		{3867F423-F636-4AA4-BBB3-2EE17DE367F4}.Release|Any CPU.ActiveCfg = Release|Any CPU
		{3867F423-F636-4AA4-BBB3-2EE17DE367F4}.Release|Any CPU.Build.0 = Release|Any CPU
		{EA78CEB0-AB0D-4CC0-80C6-E922AF7B6F44}.Debug|Any CPU.ActiveCfg = Debug|Any CPU
		{EA78CEB0-AB0D-4CC0-80C6-E922AF7B6F44}.Debug|Any CPU.Build.0 = Debug|Any CPU
		{EA78CEB0-AB0D-4CC0-80C6-E922AF7B6F44}.Release|Any CPU.ActiveCfg = Release|Any CPU
		{EA78CEB0-AB0D-4CC0-80C6-E922AF7B6F44}.Release|Any CPU.Build.0 = Release|Any CPU
		{3719435A-0306-459A-9D7B-54209319593A}.Debug|Any CPU.ActiveCfg = Debug|Any CPU
		{3719435A-0306-459A-9D7B-54209319593A}.Debug|Any CPU.Build.0 = Debug|Any CPU
		{3719435A-0306-459A-9D7B-54209319593A}.Release|Any CPU.ActiveCfg = Release|Any CPU
		{3719435A-0306-459A-9D7B-54209319593A}.Release|Any CPU.Build.0 = Release|Any CPU
		{20FD64D9-3413-4407-899F-4E160B0909DA}.Debug|Any CPU.ActiveCfg = Debug|Any CPU
		{20FD64D9-3413-4407-899F-4E160B0909DA}.Debug|Any CPU.Build.0 = Debug|Any CPU
		{20FD64D9-3413-4407-899F-4E160B0909DA}.Release|Any CPU.ActiveCfg = Release|Any CPU
		{20FD64D9-3413-4407-899F-4E160B0909DA}.Release|Any CPU.Build.0 = Release|Any CPU
		{D070E31C-3979-4098-9BD9-36BA4B9664C0}.Debug|Any CPU.ActiveCfg = Debug|Any CPU
		{D070E31C-3979-4098-9BD9-36BA4B9664C0}.Debug|Any CPU.Build.0 = Debug|Any CPU
		{D070E31C-3979-4098-9BD9-36BA4B9664C0}.Release|Any CPU.ActiveCfg = Release|Any CPU
		{D070E31C-3979-4098-9BD9-36BA4B9664C0}.Release|Any CPU.Build.0 = Release|Any CPU
		{949BD955-5CD9-403D-AEE7-B7CF16D28BA6}.Debug|Any CPU.ActiveCfg = Debug|Any CPU
		{949BD955-5CD9-403D-AEE7-B7CF16D28BA6}.Debug|Any CPU.Build.0 = Debug|Any CPU
		{949BD955-5CD9-403D-AEE7-B7CF16D28BA6}.Release|Any CPU.ActiveCfg = Release|Any CPU
		{949BD955-5CD9-403D-AEE7-B7CF16D28BA6}.Release|Any CPU.Build.0 = Release|Any CPU
		{F3B5D5D8-825A-41BF-869B-1EDF4FC565C4}.Debug|Any CPU.ActiveCfg = Debug|Any CPU
		{F3B5D5D8-825A-41BF-869B-1EDF4FC565C4}.Debug|Any CPU.Build.0 = Debug|Any CPU
		{F3B5D5D8-825A-41BF-869B-1EDF4FC565C4}.Release|Any CPU.ActiveCfg = Release|Any CPU
		{F3B5D5D8-825A-41BF-869B-1EDF4FC565C4}.Release|Any CPU.Build.0 = Release|Any CPU
		{53A2C669-0B5F-44E0-8837-35B48BD447C9}.Debug|Any CPU.ActiveCfg = Debug|Any CPU
		{53A2C669-0B5F-44E0-8837-35B48BD447C9}.Debug|Any CPU.Build.0 = Debug|Any CPU
		{53A2C669-0B5F-44E0-8837-35B48BD447C9}.Release|Any CPU.ActiveCfg = Release|Any CPU
		{53A2C669-0B5F-44E0-8837-35B48BD447C9}.Release|Any CPU.Build.0 = Release|Any CPU
		{EBC7F9C0-43C9-4EC0-8441-05A00332A0F7}.Debug|Any CPU.ActiveCfg = Debug|Any CPU
		{EBC7F9C0-43C9-4EC0-8441-05A00332A0F7}.Debug|Any CPU.Build.0 = Debug|Any CPU
		{EBC7F9C0-43C9-4EC0-8441-05A00332A0F7}.Release|Any CPU.ActiveCfg = Release|Any CPU
		{EBC7F9C0-43C9-4EC0-8441-05A00332A0F7}.Release|Any CPU.Build.0 = Release|Any CPU
		{E34102FD-AFB3-41A8-8C7F-27E74C02B05B}.Debug|Any CPU.ActiveCfg = Debug|Any CPU
		{E34102FD-AFB3-41A8-8C7F-27E74C02B05B}.Debug|Any CPU.Build.0 = Debug|Any CPU
		{E34102FD-AFB3-41A8-8C7F-27E74C02B05B}.Release|Any CPU.ActiveCfg = Release|Any CPU
		{E34102FD-AFB3-41A8-8C7F-27E74C02B05B}.Release|Any CPU.Build.0 = Release|Any CPU
		{779B2A01-8809-4106-B420-83ABB8953E03}.Debug|Any CPU.ActiveCfg = Debug|Any CPU
		{779B2A01-8809-4106-B420-83ABB8953E03}.Debug|Any CPU.Build.0 = Debug|Any CPU
		{779B2A01-8809-4106-B420-83ABB8953E03}.Release|Any CPU.ActiveCfg = Release|Any CPU
		{779B2A01-8809-4106-B420-83ABB8953E03}.Release|Any CPU.Build.0 = Release|Any CPU
		{1730DF35-0CD2-48D9-99FD-40304E9071C7}.Debug|Any CPU.ActiveCfg = Debug|Any CPU
		{1730DF35-0CD2-48D9-99FD-40304E9071C7}.Debug|Any CPU.Build.0 = Debug|Any CPU
		{1730DF35-0CD2-48D9-99FD-40304E9071C7}.Release|Any CPU.ActiveCfg = Release|Any CPU
		{1730DF35-0CD2-48D9-99FD-40304E9071C7}.Release|Any CPU.Build.0 = Release|Any CPU
		{C8154A4A-B57F-4A45-B4C9-C92C44AE71A7}.Debug|Any CPU.ActiveCfg = Debug|Any CPU
		{C8154A4A-B57F-4A45-B4C9-C92C44AE71A7}.Debug|Any CPU.Build.0 = Debug|Any CPU
		{C8154A4A-B57F-4A45-B4C9-C92C44AE71A7}.Release|Any CPU.ActiveCfg = Release|Any CPU
		{C8154A4A-B57F-4A45-B4C9-C92C44AE71A7}.Release|Any CPU.Build.0 = Release|Any CPU
		{462492F6-CC5F-4766-8A49-07759FF8446C}.Debug|Any CPU.ActiveCfg = Debug|Any CPU
		{462492F6-CC5F-4766-8A49-07759FF8446C}.Debug|Any CPU.Build.0 = Debug|Any CPU
		{462492F6-CC5F-4766-8A49-07759FF8446C}.Release|Any CPU.ActiveCfg = Release|Any CPU
		{462492F6-CC5F-4766-8A49-07759FF8446C}.Release|Any CPU.Build.0 = Release|Any CPU
		{BE949989-8294-4486-AD15-D42CBBA7C9E6}.Debug|Any CPU.ActiveCfg = Debug|Any CPU
		{BE949989-8294-4486-AD15-D42CBBA7C9E6}.Debug|Any CPU.Build.0 = Debug|Any CPU
		{BE949989-8294-4486-AD15-D42CBBA7C9E6}.Release|Any CPU.ActiveCfg = Release|Any CPU
		{BE949989-8294-4486-AD15-D42CBBA7C9E6}.Release|Any CPU.Build.0 = Release|Any CPU
		{FE133504-7451-4B1D-99EB-ED360143C020}.Debug|Any CPU.ActiveCfg = Debug|Any CPU
		{FE133504-7451-4B1D-99EB-ED360143C020}.Debug|Any CPU.Build.0 = Debug|Any CPU
		{FE133504-7451-4B1D-99EB-ED360143C020}.Release|Any CPU.ActiveCfg = Release|Any CPU
		{FE133504-7451-4B1D-99EB-ED360143C020}.Release|Any CPU.Build.0 = Release|Any CPU
		{7C1DDA0A-4693-4E62-AE87-43ABF174DF4E}.Debug|Any CPU.ActiveCfg = Debug|Any CPU
		{7C1DDA0A-4693-4E62-AE87-43ABF174DF4E}.Debug|Any CPU.Build.0 = Debug|Any CPU
		{7C1DDA0A-4693-4E62-AE87-43ABF174DF4E}.Release|Any CPU.ActiveCfg = Release|Any CPU
		{7C1DDA0A-4693-4E62-AE87-43ABF174DF4E}.Release|Any CPU.Build.0 = Release|Any CPU
		{F0B3FF7D-6F14-4856-B87B-D8E28C1DEC26}.Debug|Any CPU.ActiveCfg = Debug|Any CPU
		{F0B3FF7D-6F14-4856-B87B-D8E28C1DEC26}.Debug|Any CPU.Build.0 = Debug|Any CPU
		{F0B3FF7D-6F14-4856-B87B-D8E28C1DEC26}.Release|Any CPU.ActiveCfg = Release|Any CPU
		{F0B3FF7D-6F14-4856-B87B-D8E28C1DEC26}.Release|Any CPU.Build.0 = Release|Any CPU
		{A2FD2901-C1F7-4F5F-B253-EAC387E74E8C}.Debug|Any CPU.ActiveCfg = Debug|Any CPU
		{A2FD2901-C1F7-4F5F-B253-EAC387E74E8C}.Debug|Any CPU.Build.0 = Debug|Any CPU
		{A2FD2901-C1F7-4F5F-B253-EAC387E74E8C}.Release|Any CPU.ActiveCfg = Release|Any CPU
		{A2FD2901-C1F7-4F5F-B253-EAC387E74E8C}.Release|Any CPU.Build.0 = Release|Any CPU
		{48D51302-EE38-49C6-A3B4-498D96EF30D2}.Debug|Any CPU.ActiveCfg = Debug|Any CPU
		{48D51302-EE38-49C6-A3B4-498D96EF30D2}.Debug|Any CPU.Build.0 = Debug|Any CPU
		{48D51302-EE38-49C6-A3B4-498D96EF30D2}.Release|Any CPU.ActiveCfg = Release|Any CPU
		{48D51302-EE38-49C6-A3B4-498D96EF30D2}.Release|Any CPU.Build.0 = Release|Any CPU
		{232CE824-4B3B-4C8C-8535-053B222D050A}.Debug|Any CPU.ActiveCfg = Debug|Any CPU
		{232CE824-4B3B-4C8C-8535-053B222D050A}.Debug|Any CPU.Build.0 = Debug|Any CPU
		{232CE824-4B3B-4C8C-8535-053B222D050A}.Release|Any CPU.ActiveCfg = Release|Any CPU
		{232CE824-4B3B-4C8C-8535-053B222D050A}.Release|Any CPU.Build.0 = Release|Any CPU
		{A151D473-50D0-4F1A-8E02-51AC19E7AB30}.Debug|Any CPU.ActiveCfg = Debug|Any CPU
		{A151D473-50D0-4F1A-8E02-51AC19E7AB30}.Debug|Any CPU.Build.0 = Debug|Any CPU
		{A151D473-50D0-4F1A-8E02-51AC19E7AB30}.Release|Any CPU.ActiveCfg = Release|Any CPU
		{A151D473-50D0-4F1A-8E02-51AC19E7AB30}.Release|Any CPU.Build.0 = Release|Any CPU
		{8E7A1DBA-A881-4C78-A998-C8FBC167466B}.Debug|Any CPU.ActiveCfg = Debug|Any CPU
		{8E7A1DBA-A881-4C78-A998-C8FBC167466B}.Debug|Any CPU.Build.0 = Debug|Any CPU
		{8E7A1DBA-A881-4C78-A998-C8FBC167466B}.Release|Any CPU.ActiveCfg = Release|Any CPU
		{8E7A1DBA-A881-4C78-A998-C8FBC167466B}.Release|Any CPU.Build.0 = Release|Any CPU
		{87DCB068-0299-47B8-8FE5-111F5EFE89DA}.Debug|Any CPU.ActiveCfg = Debug|Any CPU
		{87DCB068-0299-47B8-8FE5-111F5EFE89DA}.Debug|Any CPU.Build.0 = Debug|Any CPU
		{87DCB068-0299-47B8-8FE5-111F5EFE89DA}.Release|Any CPU.ActiveCfg = Release|Any CPU
		{87DCB068-0299-47B8-8FE5-111F5EFE89DA}.Release|Any CPU.Build.0 = Release|Any CPU
		{6F32B58E-1270-4805-B52B-0ED5A63E6D24}.Debug|Any CPU.ActiveCfg = Debug|Any CPU
		{6F32B58E-1270-4805-B52B-0ED5A63E6D24}.Debug|Any CPU.Build.0 = Debug|Any CPU
		{6F32B58E-1270-4805-B52B-0ED5A63E6D24}.Release|Any CPU.ActiveCfg = Release|Any CPU
		{6F32B58E-1270-4805-B52B-0ED5A63E6D24}.Release|Any CPU.Build.0 = Release|Any CPU
		{64E87618-F7FA-43C9-B933-4302424E7014}.Debug|Any CPU.ActiveCfg = Debug|Any CPU
		{64E87618-F7FA-43C9-B933-4302424E7014}.Debug|Any CPU.Build.0 = Debug|Any CPU
		{64E87618-F7FA-43C9-B933-4302424E7014}.Release|Any CPU.ActiveCfg = Release|Any CPU
		{64E87618-F7FA-43C9-B933-4302424E7014}.Release|Any CPU.Build.0 = Release|Any CPU
		{812EEB1F-E605-45B8-83FC-4D9D27DC8071}.Debug|Any CPU.ActiveCfg = Debug|Any CPU
		{812EEB1F-E605-45B8-83FC-4D9D27DC8071}.Debug|Any CPU.Build.0 = Debug|Any CPU
		{812EEB1F-E605-45B8-83FC-4D9D27DC8071}.Release|Any CPU.ActiveCfg = Release|Any CPU
		{812EEB1F-E605-45B8-83FC-4D9D27DC8071}.Release|Any CPU.Build.0 = Release|Any CPU
		{8C9A3174-94F3-4998-83B3-2047305BC7D9}.Debug|Any CPU.ActiveCfg = Debug|Any CPU
		{8C9A3174-94F3-4998-83B3-2047305BC7D9}.Debug|Any CPU.Build.0 = Debug|Any CPU
		{8C9A3174-94F3-4998-83B3-2047305BC7D9}.Release|Any CPU.ActiveCfg = Release|Any CPU
		{8C9A3174-94F3-4998-83B3-2047305BC7D9}.Release|Any CPU.Build.0 = Release|Any CPU
		{372694DB-98FE-46F6-A989-6613B3E2571A}.Debug|Any CPU.ActiveCfg = Debug|Any CPU
		{372694DB-98FE-46F6-A989-6613B3E2571A}.Debug|Any CPU.Build.0 = Debug|Any CPU
		{372694DB-98FE-46F6-A989-6613B3E2571A}.Release|Any CPU.ActiveCfg = Release|Any CPU
		{372694DB-98FE-46F6-A989-6613B3E2571A}.Release|Any CPU.Build.0 = Release|Any CPU
		{2FC7E275-DF56-48D9-9E85-67B5A925AF28}.Debug|Any CPU.ActiveCfg = Debug|Any CPU
		{2FC7E275-DF56-48D9-9E85-67B5A925AF28}.Debug|Any CPU.Build.0 = Debug|Any CPU
		{2FC7E275-DF56-48D9-9E85-67B5A925AF28}.Release|Any CPU.ActiveCfg = Release|Any CPU
		{2FC7E275-DF56-48D9-9E85-67B5A925AF28}.Release|Any CPU.Build.0 = Release|Any CPU
		{100A7BFC-2CB8-4524-AF11-17D7A38AC00D}.Debug|Any CPU.ActiveCfg = Debug|Any CPU
		{100A7BFC-2CB8-4524-AF11-17D7A38AC00D}.Debug|Any CPU.Build.0 = Debug|Any CPU
		{100A7BFC-2CB8-4524-AF11-17D7A38AC00D}.Release|Any CPU.ActiveCfg = Release|Any CPU
		{100A7BFC-2CB8-4524-AF11-17D7A38AC00D}.Release|Any CPU.Build.0 = Release|Any CPU
		{A5A107D3-2BEA-4D99-B49C-AA0A2B9E5CFC}.Debug|Any CPU.ActiveCfg = Debug|Any CPU
		{A5A107D3-2BEA-4D99-B49C-AA0A2B9E5CFC}.Debug|Any CPU.Build.0 = Debug|Any CPU
		{A5A107D3-2BEA-4D99-B49C-AA0A2B9E5CFC}.Release|Any CPU.ActiveCfg = Release|Any CPU
		{A5A107D3-2BEA-4D99-B49C-AA0A2B9E5CFC}.Release|Any CPU.Build.0 = Release|Any CPU
	EndGlobalSection
	GlobalSection(SolutionProperties) = preSolution
		HideSolutionNode = FALSE
	EndGlobalSection
	GlobalSection(NestedProjects) = preSolution
		{32253ADF-B2D2-4A51-90A1-7CFA186356A3} = {52D4A902-1545-4838-BE27-92BC60992DD7}
		{110E7D19-4D18-45DD-9601-D8D9A85AF175} = {52D4A902-1545-4838-BE27-92BC60992DD7}
		{8250F444-7A7F-4516-9CB5-16057DB83195} = {52D4A902-1545-4838-BE27-92BC60992DD7}
		{BFD112B3-835C-47A6-A202-BAB567E34348} = {52D4A902-1545-4838-BE27-92BC60992DD7}
		{2F9803C6-78A1-4ECD-B0D8-37B0F3BDC1A2} = {CD8F426A-317A-4436-9943-93CED7DBE661}
		{AB1F1C1D-4A86-44E2-9592-76E8765DC17C} = {52D4A902-1545-4838-BE27-92BC60992DD7}
		{83127D7C-5853-4AB5-BF84-5E758DEE9CA5} = {52D4A902-1545-4838-BE27-92BC60992DD7}
		{64EBBE71-9F51-423E-91DD-5208DA77B7E3} = {52D4A902-1545-4838-BE27-92BC60992DD7}
		{00B432A1-C483-408E-913F-5EBD6D0D90F0} = {13B554E2-D133-4F45-8A69-FCD00997FBC3}
		{53B2EA2C-D33C-48F9-BF76-F7210FAE4CBB} = {BFD112B3-835C-47A6-A202-BAB567E34348}
		{B5C3A578-B798-4700-9603-4E319D9BB377} = {BFD112B3-835C-47A6-A202-BAB567E34348}
		{B6F86DF1-2EA8-44F9-BC93-473FB6B60EA4} = {8250F444-7A7F-4516-9CB5-16057DB83195}
		{B828590A-532E-4C83-A53B-FEB1FAED128A} = {8250F444-7A7F-4516-9CB5-16057DB83195}
		{2BCDCC0A-3F6B-4175-AA7B-46D278A3ECFE} = {32253ADF-B2D2-4A51-90A1-7CFA186356A3}
		{513BCEDF-B7A7-453C-BEFA-A5695702307C} = {32253ADF-B2D2-4A51-90A1-7CFA186356A3}
		{1FBCB509-8B44-4C3D-90C5-CFB215AAC734} = {AB1F1C1D-4A86-44E2-9592-76E8765DC17C}
		{1031F3CC-DC2D-445E-8C2F-B3B384C240AC} = {AB1F1C1D-4A86-44E2-9592-76E8765DC17C}
		{6363A01C-83C3-4A60-ADF6-4618A40ED05F} = {83127D7C-5853-4AB5-BF84-5E758DEE9CA5}
		{B75E1AD1-CDE6-4ACE-B73E-D29849A88466} = {110E7D19-4D18-45DD-9601-D8D9A85AF175}
		{D310354B-A1CE-41EB-B426-C43F7564214C} = {110E7D19-4D18-45DD-9601-D8D9A85AF175}
		{D25ACC80-AA6E-4E36-8484-5959A4FFC1F5} = {2F9803C6-78A1-4ECD-B0D8-37B0F3BDC1A2}
		{B661C189-768B-42BB-A53B-175822A8908E} = {64EBBE71-9F51-423E-91DD-5208DA77B7E3}
		{D2FBCE37-C6CE-4E44-8FC1-DC5401C0A593} = {52D4A902-1545-4838-BE27-92BC60992DD7}
		{16D2B678-B7AE-4F4C-942E-C14B7A361855} = {D2FBCE37-C6CE-4E44-8FC1-DC5401C0A593}
		{923EE44F-5C76-47A5-874D-11C5A25D0BCF} = {52D4A902-1545-4838-BE27-92BC60992DD7}
		{91BB2BC7-6DC6-4561-893D-C7BB8C9B4EBF} = {923EE44F-5C76-47A5-874D-11C5A25D0BCF}
		{80D43997-7EE1-4F89-A568-F257C35F7F1E} = {00B432A1-C483-408E-913F-5EBD6D0D90F0}
		{9615FC30-6563-42CF-9B38-06CD659DD7E7} = {80D43997-7EE1-4F89-A568-F257C35F7F1E}
		{FE9AB6F8-A29C-4822-832D-30010738EC52} = {80D43997-7EE1-4F89-A568-F257C35F7F1E}
		{7FF4BC28-2CE0-4743-B76F-AD527B914EB9} = {00B432A1-C483-408E-913F-5EBD6D0D90F0}
		{A1D8C62A-3388-4E70-96A3-1A809956024A} = {52D4A902-1545-4838-BE27-92BC60992DD7}
		{3867F423-F636-4AA4-BBB3-2EE17DE367F4} = {A1D8C62A-3388-4E70-96A3-1A809956024A}
		{EA78CEB0-AB0D-4CC0-80C6-E922AF7B6F44} = {7FF4BC28-2CE0-4743-B76F-AD527B914EB9}
		{47F4857D-3A5F-4B2E-BCBB-DF4F8966A441} = {52D4A902-1545-4838-BE27-92BC60992DD7}
		{3719435A-0306-459A-9D7B-54209319593A} = {47F4857D-3A5F-4B2E-BCBB-DF4F8966A441}
		{87D7E8C3-D5DF-48A0-A546-68F70E0F25E6} = {52D4A902-1545-4838-BE27-92BC60992DD7}
		{20FD64D9-3413-4407-899F-4E160B0909DA} = {87D7E8C3-D5DF-48A0-A546-68F70E0F25E6}
		{A1A38922-0E51-4A88-9389-6D6C92432CFF} = {00B432A1-C483-408E-913F-5EBD6D0D90F0}
		{D070E31C-3979-4098-9BD9-36BA4B9664C0} = {A1A38922-0E51-4A88-9389-6D6C92432CFF}
		{0E5C16A3-10E9-485E-8599-4D157885848B} = {00B432A1-C483-408E-913F-5EBD6D0D90F0}
		{6041E2E4-BBDD-45AA-972A-78889672CE2B} = {00B432A1-C483-408E-913F-5EBD6D0D90F0}
		{949BD955-5CD9-403D-AEE7-B7CF16D28BA6} = {0E5C16A3-10E9-485E-8599-4D157885848B}
		{F3B5D5D8-825A-41BF-869B-1EDF4FC565C4} = {0E5C16A3-10E9-485E-8599-4D157885848B}
		{53A2C669-0B5F-44E0-8837-35B48BD447C9} = {6041E2E4-BBDD-45AA-972A-78889672CE2B}
		{EBC7F9C0-43C9-4EC0-8441-05A00332A0F7} = {6041E2E4-BBDD-45AA-972A-78889672CE2B}
		{00196F3D-5762-48FC-904E-BBC81EE8774B} = {00B432A1-C483-408E-913F-5EBD6D0D90F0}
		{E34102FD-AFB3-41A8-8C7F-27E74C02B05B} = {00196F3D-5762-48FC-904E-BBC81EE8774B}
		{FB4BF983-3C5E-44D3-B67D-866429BFD681} = {00B432A1-C483-408E-913F-5EBD6D0D90F0}
		{779B2A01-8809-4106-B420-83ABB8953E03} = {FB4BF983-3C5E-44D3-B67D-866429BFD681}
		{10184BFA-6ADB-4588-B738-C6840DD0D28B} = {00B432A1-C483-408E-913F-5EBD6D0D90F0}
		{1730DF35-0CD2-48D9-99FD-40304E9071C7} = {10184BFA-6ADB-4588-B738-C6840DD0D28B}
		{2C048002-48FA-4F6F-A0EB-E261B8ACA0CA} = {52D4A902-1545-4838-BE27-92BC60992DD7}
		{C8154A4A-B57F-4A45-B4C9-C92C44AE71A7} = {2C048002-48FA-4F6F-A0EB-E261B8ACA0CA}
		{6876E573-DD23-4828-B9E3-80C921B800C5} = {52D4A902-1545-4838-BE27-92BC60992DD7}
		{462492F6-CC5F-4766-8A49-07759FF8446C} = {6876E573-DD23-4828-B9E3-80C921B800C5}
		{11C2259F-60A5-4F91-87FB-12BD71E60C3B} = {00B432A1-C483-408E-913F-5EBD6D0D90F0}
		{BE949989-8294-4486-AD15-D42CBBA7C9E6} = {11C2259F-60A5-4F91-87FB-12BD71E60C3B}
		{24BE1EF5-DA42-41F9-9B99-3B6852307F2F} = {00B432A1-C483-408E-913F-5EBD6D0D90F0}
		{FE133504-7451-4B1D-99EB-ED360143C020} = {24BE1EF5-DA42-41F9-9B99-3B6852307F2F}
		{7C1DDA0A-4693-4E62-AE87-43ABF174DF4E} = {24BE1EF5-DA42-41F9-9B99-3B6852307F2F}
		{E3C14E38-87B4-4155-AE4A-21A867532A0F} = {00B432A1-C483-408E-913F-5EBD6D0D90F0}
		{F0B3FF7D-6F14-4856-B87B-D8E28C1DEC26} = {E3C14E38-87B4-4155-AE4A-21A867532A0F}
		{A2FD2901-C1F7-4F5F-B253-EAC387E74E8C} = {E3C14E38-87B4-4155-AE4A-21A867532A0F}
		{55E61179-3391-48E1-B2EA-1CEC4990DBD7} = {00B432A1-C483-408E-913F-5EBD6D0D90F0}
		{48D51302-EE38-49C6-A3B4-498D96EF30D2} = {55E61179-3391-48E1-B2EA-1CEC4990DBD7}
		{E4A443E4-B851-47EB-90CC-FDD6980D8042} = {00B432A1-C483-408E-913F-5EBD6D0D90F0}
		{232CE824-4B3B-4C8C-8535-053B222D050A} = {E4A443E4-B851-47EB-90CC-FDD6980D8042}
		{A151D473-50D0-4F1A-8E02-51AC19E7AB30} = {FB4BF983-3C5E-44D3-B67D-866429BFD681}
		{8E7A1DBA-A881-4C78-A998-C8FBC167466B} = {00196F3D-5762-48FC-904E-BBC81EE8774B}
		{ECAF060B-79D3-4726-8040-C6CDD416AB90} = {00B432A1-C483-408E-913F-5EBD6D0D90F0}
		{87DCB068-0299-47B8-8FE5-111F5EFE89DA} = {ECAF060B-79D3-4726-8040-C6CDD416AB90}
		{6F32B58E-1270-4805-B52B-0ED5A63E6D24} = {ECAF060B-79D3-4726-8040-C6CDD416AB90}
		{F2947BEE-0D4F-4F52-9884-3534DED495EC} = {00B432A1-C483-408E-913F-5EBD6D0D90F0}
		{64E87618-F7FA-43C9-B933-4302424E7014} = {F2947BEE-0D4F-4F52-9884-3534DED495EC}
		{812EEB1F-E605-45B8-83FC-4D9D27DC8071} = {F2947BEE-0D4F-4F52-9884-3534DED495EC}
		{8C9A3174-94F3-4998-83B3-2047305BC7D9} = {E4A443E4-B851-47EB-90CC-FDD6980D8042}
		{372694DB-98FE-46F6-A989-6613B3E2571A} = {55E61179-3391-48E1-B2EA-1CEC4990DBD7}
		{7E26F2FF-4E80-46C6-9F17-4671AE98C17E} = {00B432A1-C483-408E-913F-5EBD6D0D90F0}
		{2FC7E275-DF56-48D9-9E85-67B5A925AF28} = {7E26F2FF-4E80-46C6-9F17-4671AE98C17E}
		{100A7BFC-2CB8-4524-AF11-17D7A38AC00D} = {7E26F2FF-4E80-46C6-9F17-4671AE98C17E}
		{A5A107D3-2BEA-4D99-B49C-AA0A2B9E5CFC} = {11C2259F-60A5-4F91-87FB-12BD71E60C3B}
	EndGlobalSection
EndGlobal
